
Microsoft Visual Studio Solution File, Format Version 12.00
# Visual Studio Version 16
VisualStudioVersion = 16.0.34031.81
MinimumVisualStudioVersion = 10.0.40219.1
Project("{2150E333-8FDC-42A3-9474-1A3956D46DE8}") = "Task0", "Task0", "{AFEFB838-DA7D-4FD2-8717-E24E5CCEACBE}"
EndProject
Project("{FAE04EC0-301F-11D3-BF4B-00C04F79EFBC}") = "Tyuiu.HubulovaVI.Sprint0.Task0.V0", "Tyuiu.HubulovaVI.Sprint0.Task0.V0\Tyuiu.HubulovaVI.Sprint0.Task0.V0.csproj", "{DB9F7C1B-1C84-4557-95A6-2BD473FC5690}"
EndProject
Project("{2150E333-8FDC-42A3-9474-1A3956D46DE8}") = "Task1", "Task1", "{EAA07C0F-2E58-4014-99CD-295751691BEE}"
EndProject
Project("{FAE04EC0-301F-11D3-BF4B-00C04F79EFBC}") = "Tyuiu.HubulovaVI.Sprint0.Task1.V0", "Tyuiu.HubulovaVI.Sprint0.Task1.V0\Tyuiu.HubulovaVI.Sprint0.Task1.V0.csproj", "{DC5840DB-3031-422A-8863-AC0C0DD753B3}"
EndProject
Project("{2150E333-8FDC-42A3-9474-1A3956D46DE8}") = "Task2", "Task2", "{4E97642D-EE42-471C-BB39-F6732759EB94}"
EndProject
Project("{FAE04EC0-301F-11D3-BF4B-00C04F79EFBC}") = "Tyuiu.HubulovaVI.Sprint0.Task2.V0", "Tyuiu.HubulovaVI.Sprint0.Task2.V0\Tyuiu.HubulovaVI.Sprint0.Task2.V0.csproj", "{5B3A0354-B8E3-4AE3-A0AD-9B5620161006}"
EndProject
Project("{FAE04EC0-301F-11D3-BF4B-00C04F79EFBC}") = "Tyuiu.HubulovaVI.Sprint0.Task2.V0.Lib", "Tyuiu.HubulovaVI.Sprint0.Task2.V0.Lib\Tyuiu.HubulovaVI.Sprint0.Task2.V0.Lib.csproj", "{9822F4B2-6473-48CD-ADB5-706CF24178DC}"
EndProject
Project("{FAE04EC0-301F-11D3-BF4B-00C04F79EFBC}") = "Tyuiu.HubulovaVI.Sprint0.Task2.V0.Test", "Tyuiu.HubulovaVI.Sprint0.Task2.V0.Test\Tyuiu.HubulovaVI.Sprint0.Task2.V0.Test.csproj", "{D8D7B1FC-2060-48F4-8454-BAB4F05D7879}"
EndProject
Global
	GlobalSection(SolutionConfigurationPlatforms) = preSolution
		Debug|Any CPU = Debug|Any CPU
		Release|Any CPU = Release|Any CPU
	EndGlobalSection
	GlobalSection(ProjectConfigurationPlatforms) = postSolution
		{DB9F7C1B-1C84-4557-95A6-2BD473FC5690}.Debug|Any CPU.ActiveCfg = Debug|Any CPU
		{DB9F7C1B-1C84-4557-95A6-2BD473FC5690}.Debug|Any CPU.Build.0 = Debug|Any CPU
		{DB9F7C1B-1C84-4557-95A6-2BD473FC5690}.Release|Any CPU.ActiveCfg = Release|Any CPU
		{DB9F7C1B-1C84-4557-95A6-2BD473FC5690}.Release|Any CPU.Build.0 = Release|Any CPU
		{DC5840DB-3031-422A-8863-AC0C0DD753B3}.Debug|Any CPU.ActiveCfg = Debug|Any CPU
		{DC5840DB-3031-422A-8863-AC0C0DD753B3}.Debug|Any CPU.Build.0 = Debug|Any CPU
		{DC5840DB-3031-422A-8863-AC0C0DD753B3}.Release|Any CPU.ActiveCfg = Release|Any CPU
		{DC5840DB-3031-422A-8863-AC0C0DD753B3}.Release|Any CPU.Build.0 = Release|Any CPU
		{5B3A0354-B8E3-4AE3-A0AD-9B5620161006}.Debug|Any CPU.ActiveCfg = Debug|Any CPU
		{5B3A0354-B8E3-4AE3-A0AD-9B5620161006}.Debug|Any CPU.Build.0 = Debug|Any CPU
		{5B3A0354-B8E3-4AE3-A0AD-9B5620161006}.Release|Any CPU.ActiveCfg = Release|Any CPU
		{5B3A0354-B8E3-4AE3-A0AD-9B5620161006}.Release|Any CPU.Build.0 = Release|Any CPU
		{9822F4B2-6473-48CD-ADB5-706CF24178DC}.Debug|Any CPU.ActiveCfg = Debug|Any CPU
		{9822F4B2-6473-48CD-ADB5-706CF24178DC}.Debug|Any CPU.Build.0 = Debug|Any CPU
		{9822F4B2-6473-48CD-ADB5-706CF24178DC}.Release|Any CPU.ActiveCfg = Release|Any CPU
		{9822F4B2-6473-48CD-ADB5-706CF24178DC}.Release|Any CPU.Build.0 = Release|Any CPU
		{D8D7B1FC-2060-48F4-8454-BAB4F05D7879}.Debug|Any CPU.ActiveCfg = Debug|Any CPU
		{D8D7B1FC-2060-48F4-8454-BAB4F05D7879}.Debug|Any CPU.Build.0 = Debug|Any CPU
		{D8D7B1FC-2060-48F4-8454-BAB4F05D7879}.Release|Any CPU.ActiveCfg = Release|Any CPU
		{D8D7B1FC-2060-48F4-8454-BAB4F05D7879}.Release|Any CPU.Build.0 = Release|Any CPU
	EndGlobalSection
	GlobalSection(SolutionProperties) = preSolution
		HideSolutionNode = FALSE
	EndGlobalSection
	GlobalSection(NestedProjects) = preSolution
		{DB9F7C1B-1C84-4557-95A6-2BD473FC5690} = {AFEFB838-DA7D-4FD2-8717-E24E5CCEACBE}
		{DC5840DB-3031-422A-8863-AC0C0DD753B3} = {EAA07C0F-2E58-4014-99CD-295751691BEE}
		{5B3A0354-B8E3-4AE3-A0AD-9B5620161006} = {4E97642D-EE42-471C-BB39-F6732759EB94}
		{9822F4B2-6473-48CD-ADB5-706CF24178DC} = {4E97642D-EE42-471C-BB39-F6732759EB94}
		{D8D7B1FC-2060-48F4-8454-BAB4F05D7879} = {4E97642D-EE42-471C-BB39-F6732759EB94}
	EndGlobalSection
	GlobalSection(ExtensibilityGlobals) = postSolution
		SolutionGuid = {4579ED74-E50C-4B09-B5C0-E2E2E36656E9}
	EndGlobalSection
EndGlobal
